
Microsoft Visual Studio Solution File, Format Version 12.00
# Visual Studio Version 16
VisualStudioVersion = 16.0.29009.5
MinimumVisualStudioVersion = 10.0.40219.1
Project("{FAE04EC0-301F-11D3-BF4B-00C04F79EFBC}") = "ConsoleApp1", "ConsoleApp1\ConsoleApp1.csproj", "{B7ABACC0-A9FA-4436-A1F4-FEFA1AA207DF}"
EndProject
Global
	GlobalSection(SolutionConfigurationPlatforms) = preSolution
		Debug|Any CPU = Debug|Any CPU
		Release|Any CPU = Release|Any CPU
	EndGlobalSection
	GlobalSection(ProjectConfigurationPlatforms) = postSolution
		{B7ABACC0-A9FA-4436-A1F4-FEFA1AA207DF}.Debug|Any CPU.ActiveCfg = Debug|Any CPU
		{B7ABACC0-A9FA-4436-A1F4-FEFA1AA207DF}.Debug|Any CPU.Build.0 = Debug|Any CPU
		{B7ABACC0-A9FA-4436-A1F4-FEFA1AA207DF}.Release|Any CPU.ActiveCfg = Release|Any CPU
		{B7ABACC0-A9FA-4436-A1F4-FEFA1AA207DF}.Release|Any CPU.Build.0 = Release|Any CPU
	EndGlobalSection
	GlobalSection(SolutionProperties) = preSolution
		HideSolutionNode = FALSE
	EndGlobalSection
	GlobalSection(ExtensibilityGlobals) = postSolution
		SolutionGuid = {2B57E9E0-EBA5-44A8-AD70-E05508A28A83}
	EndGlobalSection
EndGlobal
